github.com/bkleinen/minimal-site-module v0.1.1 h1:h9YgsSNYf8FNSyqAzXHsP+8l3xeRbJ8m22vWO03WXGE=
github.com/bkleinen/minimal-site-module v0.1.1/go.mod h1:hE2ZP/ugoqWCZMbdAxv056Sm2ABxojApbj6gJeH+iC4=
github.com/bkleinen/minimal-site-module v0.1.2 h1:bQisf9kMwMMuecHB2jndkCyJpSDiECk6zSE0khcpAOg=
github.com/bkleinen/minimal-site-module v0.1.2/go.mod h1:hE2ZP/ugoqWCZMbdAxv056Sm2ABxojApbj6gJeH+iC4=
